
Microsoft Visual Studio Solution File, Format Version 12.00
# Visual Studio 2012
Project("{FAE04EC0-301F-11D3-BF4B-00C04F79EFBC}") = "SunBurn", "SunBurn\SunBurn.csproj", "{2C7F2ECD-D5A2-4109-AF31-B13F63CE7E81}"
EndProject
Project("{FAE04EC0-301F-11D3-BF4B-00C04F79EFBC}") = "SunBurn.Droid", "Droid\SunBurn.Droid.csproj", "{35473DCB-1790-4298-A200-59CADC6F75E3}"
EndProject
Project("{FAE04EC0-301F-11D3-BF4B-00C04F79EFBC}") = "SunBurn.UITests", "UITests\SunBurn.UITests.csproj", "{07091583-9E24-4F9D-8105-08B5962E5DC3}"
EndProject
Project("{FAE04EC0-301F-11D3-BF4B-00C04F79EFBC}") = "SunBurn.IOS", "SunBurn.IOS\SunBurn.IOS.csproj", "{65E23053-C4F5-4D57-8E6A-65D8173EA7B7}"
EndProject
Project("{FAE04EC0-301F-11D3-BF4B-00C04F79EFBC}") = "SunBurn.BLL", "SunBurn.BLL\SunBurn.BLL.csproj", "{94279D4E-A472-4360-A2BA-F838B0AE5CD2}"
EndProject
Project("{FAE04EC0-301F-11D3-BF4B-00C04F79EFBC}") = "SunBurn.NotificationsService", "SunBurn.NotificationsService\SunBurn.NotificationsService.csproj", "{BFC5862C-A444-40B2-B09B-61F32E3EE51F}"
EndProject
Global
	GlobalSection(SolutionConfigurationPlatforms) = preSolution
		Debug|Any CPU = Debug|Any CPU
		Release|Any CPU = Release|Any CPU
		Debug|iPhoneSimulator = Debug|iPhoneSimulator
		Release|iPhone = Release|iPhone
		Release|iPhoneSimulator = Release|iPhoneSimulator
		Debug|iPhone = Debug|iPhone
	EndGlobalSection
	GlobalSection(ProjectConfigurationPlatforms) = postSolution
		{07091583-9E24-4F9D-8105-08B5962E5DC3}.Debug|Any CPU.ActiveCfg = Debug|Any CPU
		{07091583-9E24-4F9D-8105-08B5962E5DC3}.Debug|Any CPU.Build.0 = Debug|Any CPU
		{07091583-9E24-4F9D-8105-08B5962E5DC3}.Debug|iPhone.ActiveCfg = Debug|Any CPU
		{07091583-9E24-4F9D-8105-08B5962E5DC3}.Debug|iPhone.Build.0 = Debug|Any CPU
		{07091583-9E24-4F9D-8105-08B5962E5DC3}.Debug|iPhoneSimulator.ActiveCfg = Debug|Any CPU
		{07091583-9E24-4F9D-8105-08B5962E5DC3}.Debug|iPhoneSimulator.Build.0 = Debug|Any CPU
		{07091583-9E24-4F9D-8105-08B5962E5DC3}.Release|Any CPU.ActiveCfg = Release|Any CPU
		{07091583-9E24-4F9D-8105-08B5962E5DC3}.Release|Any CPU.Build.0 = Release|Any CPU
		{07091583-9E24-4F9D-8105-08B5962E5DC3}.Release|iPhone.ActiveCfg = Release|Any CPU
		{07091583-9E24-4F9D-8105-08B5962E5DC3}.Release|iPhone.Build.0 = Release|Any CPU
		{07091583-9E24-4F9D-8105-08B5962E5DC3}.Release|iPhoneSimulator.ActiveCfg = Release|Any CPU
		{07091583-9E24-4F9D-8105-08B5962E5DC3}.Release|iPhoneSimulator.Build.0 = Release|Any CPU
		{2C7F2ECD-D5A2-4109-AF31-B13F63CE7E81}.Debug|Any CPU.ActiveCfg = Debug|Any CPU
		{2C7F2ECD-D5A2-4109-AF31-B13F63CE7E81}.Debug|Any CPU.Build.0 = Debug|Any CPU
		{2C7F2ECD-D5A2-4109-AF31-B13F63CE7E81}.Debug|iPhone.ActiveCfg = Debug|Any CPU
		{2C7F2ECD-D5A2-4109-AF31-B13F63CE7E81}.Debug|iPhone.Build.0 = Debug|Any CPU
		{2C7F2ECD-D5A2-4109-AF31-B13F63CE7E81}.Debug|iPhoneSimulator.ActiveCfg = Debug|Any CPU
		{2C7F2ECD-D5A2-4109-AF31-B13F63CE7E81}.Debug|iPhoneSimulator.Build.0 = Debug|Any CPU
		{2C7F2ECD-D5A2-4109-AF31-B13F63CE7E81}.Release|Any CPU.ActiveCfg = Release|Any CPU
		{2C7F2ECD-D5A2-4109-AF31-B13F63CE7E81}.Release|Any CPU.Build.0 = Release|Any CPU
		{2C7F2ECD-D5A2-4109-AF31-B13F63CE7E81}.Release|iPhone.ActiveCfg = Release|Any CPU
		{2C7F2ECD-D5A2-4109-AF31-B13F63CE7E81}.Release|iPhone.Build.0 = Release|Any CPU
		{2C7F2ECD-D5A2-4109-AF31-B13F63CE7E81}.Release|iPhoneSimulator.ActiveCfg = Release|Any CPU
		{2C7F2ECD-D5A2-4109-AF31-B13F63CE7E81}.Release|iPhoneSimulator.Build.0 = Release|Any CPU
		{35473DCB-1790-4298-A200-59CADC6F75E3}.Debug|Any CPU.ActiveCfg = Debug|Any CPU
		{35473DCB-1790-4298-A200-59CADC6F75E3}.Debug|Any CPU.Build.0 = Debug|Any CPU
		{35473DCB-1790-4298-A200-59CADC6F75E3}.Debug|iPhone.ActiveCfg = Debug|Any CPU
		{35473DCB-1790-4298-A200-59CADC6F75E3}.Debug|iPhone.Build.0 = Debug|Any CPU
		{35473DCB-1790-4298-A200-59CADC6F75E3}.Debug|iPhoneSimulator.ActiveCfg = Debug|Any CPU
		{35473DCB-1790-4298-A200-59CADC6F75E3}.Debug|iPhoneSimulator.Build.0 = Debug|Any CPU
		{35473DCB-1790-4298-A200-59CADC6F75E3}.Release|Any CPU.ActiveCfg = Release|Any CPU
		{35473DCB-1790-4298-A200-59CADC6F75E3}.Release|Any CPU.Build.0 = Release|Any CPU
		{35473DCB-1790-4298-A200-59CADC6F75E3}.Release|iPhone.ActiveCfg = Release|Any CPU
		{35473DCB-1790-4298-A200-59CADC6F75E3}.Release|iPhone.Build.0 = Release|Any CPU
		{35473DCB-1790-4298-A200-59CADC6F75E3}.Release|iPhoneSimulator.ActiveCfg = Release|Any CPU
		{35473DCB-1790-4298-A200-59CADC6F75E3}.Release|iPhoneSimulator.Build.0 = Release|Any CPU
		{65E23053-C4F5-4D57-8E6A-65D8173EA7B7}.Debug|Any CPU.ActiveCfg = Debug|iPhoneSimulator
		{65E23053-C4F5-4D57-8E6A-65D8173EA7B7}.Debug|Any CPU.Build.0 = Debug|iPhoneSimulator
		{65E23053-C4F5-4D57-8E6A-65D8173EA7B7}.Debug|iPhone.ActiveCfg = Debug|iPhone
		{65E23053-C4F5-4D57-8E6A-65D8173EA7B7}.Debug|iPhone.Build.0 = Debug|iPhone
		{65E23053-C4F5-4D57-8E6A-65D8173EA7B7}.Debug|iPhoneSimulator.ActiveCfg = Debug|iPhoneSimulator
		{65E23053-C4F5-4D57-8E6A-65D8173EA7B7}.Debug|iPhoneSimulator.Build.0 = Debug|iPhoneSimulator
		{65E23053-C4F5-4D57-8E6A-65D8173EA7B7}.Release|Any CPU.ActiveCfg = Release|iPhone
		{65E23053-C4F5-4D57-8E6A-65D8173EA7B7}.Release|Any CPU.Build.0 = Release|iPhone
		{65E23053-C4F5-4D57-8E6A-65D8173EA7B7}.Release|iPhone.ActiveCfg = Release|iPhone
		{65E23053-C4F5-4D57-8E6A-65D8173EA7B7}.Release|iPhone.Build.0 = Release|iPhone
		{65E23053-C4F5-4D57-8E6A-65D8173EA7B7}.Release|iPhoneSimulator.ActiveCfg = Release|iPhoneSimulator
		{65E23053-C4F5-4D57-8E6A-65D8173EA7B7}.Release|iPhoneSimulator.Build.0 = Release|iPhoneSimulator
		{94279D4E-A472-4360-A2BA-F838B0AE5CD2}.Debug|Any CPU.ActiveCfg = Debug|Any CPU
		{94279D4E-A472-4360-A2BA-F838B0AE5CD2}.Debug|Any CPU.Build.0 = Debug|Any CPU
		{94279D4E-A472-4360-A2BA-F838B0AE5CD2}.Debug|iPhone.ActiveCfg = Debug|Any CPU
		{94279D4E-A472-4360-A2BA-F838B0AE5CD2}.Debug|iPhone.Build.0 = Debug|Any CPU
		{94279D4E-A472-4360-A2BA-F838B0AE5CD2}.Debug|iPhoneSimulator.ActiveCfg = Debug|Any CPU
		{94279D4E-A472-4360-A2BA-F838B0AE5CD2}.Debug|iPhoneSimulator.Build.0 = Debug|Any CPU
		{94279D4E-A472-4360-A2BA-F838B0AE5CD2}.Release|Any CPU.ActiveCfg = Release|Any CPU
		{94279D4E-A472-4360-A2BA-F838B0AE5CD2}.Release|Any CPU.Build.0 = Release|Any CPU
		{94279D4E-A472-4360-A2BA-F838B0AE5CD2}.Release|iPhone.ActiveCfg = Release|Any CPU
		{94279D4E-A472-4360-A2BA-F838B0AE5CD2}.Release|iPhone.Build.0 = Release|Any CPU
		{94279D4E-A472-4360-A2BA-F838B0AE5CD2}.Release|iPhoneSimulator.ActiveCfg = Release|Any CPU
		{94279D4E-A472-4360-A2BA-F838B0AE5CD2}.Release|iPhoneSimulator.Build.0 = Release|Any CPU
		{BFC5862C-A444-40B2-B09B-61F32E3EE51F}.Debug|Any CPU.ActiveCfg = Debug|Any CPU
		{BFC5862C-A444-40B2-B09B-61F32E3EE51F}.Debug|Any CPU.Build.0 = Debug|Any CPU
		{BFC5862C-A444-40B2-B09B-61F32E3EE51F}.Debug|iPhone.ActiveCfg = Debug|Any CPU
		{BFC5862C-A444-40B2-B09B-61F32E3EE51F}.Debug|iPhone.Build.0 = Debug|Any CPU
		{BFC5862C-A444-40B2-B09B-61F32E3EE51F}.Debug|iPhoneSimulator.ActiveCfg = Debug|Any CPU
		{BFC5862C-A444-40B2-B09B-61F32E3EE51F}.Debug|iPhoneSimulator.Build.0 = Debug|Any CPU
		{BFC5862C-A444-40B2-B09B-61F32E3EE51F}.Release|Any CPU.ActiveCfg = Release|Any CPU
		{BFC5862C-A444-40B2-B09B-61F32E3EE51F}.Release|Any CPU.Build.0 = Release|Any CPU
		{BFC5862C-A444-40B2-B09B-61F32E3EE51F}.Release|iPhone.ActiveCfg = Release|Any CPU
		{BFC5862C-A444-40B2-B09B-61F32E3EE51F}.Release|iPhone.Build.0 = Release|Any CPU
		{BFC5862C-A444-40B2-B09B-61F32E3EE51F}.Release|iPhoneSimulator.ActiveCfg = Release|Any CPU
		{BFC5862C-A444-40B2-B09B-61F32E3EE51F}.Release|iPhoneSimulator.Build.0 = Release|Any CPU
	EndGlobalSection
EndGlobal
