
Microsoft Visual Studio Solution File, Format Version 12.00
# Visual Studio 14
VisualStudioVersion = 14.0.22609.0
MinimumVisualStudioVersion = 10.0.40219.1
Project("{FAE04EC0-301F-11D3-BF4B-00C04F79EFBC}") = "SunBurn.WebAPI", "SunBurn.WebAPI\SunBurn.WebAPI.csproj", "{AD110EC7-3CEA-461D-AC79-0C01C34C6BF7}"
EndProject
Project("{FAE04EC0-301F-11D3-BF4B-00C04F79EFBC}") = "SunBurn.BLL", "SunBurn.BLL\SunBurn.BLL.csproj", "{2753913E-90ED-49EA-9B84-66270682E782}"
EndProject
Project("{FAE04EC0-301F-11D3-BF4B-00C04F79EFBC}") = "SunBurn.Interfaces", "SunBurn.Interfaces\SunBurn.Interfaces.csproj", "{EE66808C-44DF-441A-8A96-BF8FC315BF50}"
EndProject
Project("{FAE04EC0-301F-11D3-BF4B-00C04F79EFBC}") = "SunBurn.FakeServices", "SunBurn.FakeServices\SunBurn.FakeServices.csproj", "{61105866-C854-485A-8B8C-5A926CC566C1}"
EndProject
Global
	GlobalSection(SolutionConfigurationPlatforms) = preSolution
		Debug|Any CPU = Debug|Any CPU
		Release|Any CPU = Release|Any CPU
	EndGlobalSection
	GlobalSection(ProjectConfigurationPlatforms) = postSolution
		{AD110EC7-3CEA-461D-AC79-0C01C34C6BF7}.Debug|Any CPU.ActiveCfg = Debug|Any CPU
		{AD110EC7-3CEA-461D-AC79-0C01C34C6BF7}.Debug|Any CPU.Build.0 = Debug|Any CPU
		{AD110EC7-3CEA-461D-AC79-0C01C34C6BF7}.Release|Any CPU.ActiveCfg = Release|Any CPU
		{AD110EC7-3CEA-461D-AC79-0C01C34C6BF7}.Release|Any CPU.Build.0 = Release|Any CPU
		{2753913E-90ED-49EA-9B84-66270682E782}.Debug|Any CPU.ActiveCfg = Debug|Any CPU
		{2753913E-90ED-49EA-9B84-66270682E782}.Debug|Any CPU.Build.0 = Debug|Any CPU
		{2753913E-90ED-49EA-9B84-66270682E782}.Release|Any CPU.ActiveCfg = Release|Any CPU
		{2753913E-90ED-49EA-9B84-66270682E782}.Release|Any CPU.Build.0 = Release|Any CPU
		{EE66808C-44DF-441A-8A96-BF8FC315BF50}.Debug|Any CPU.ActiveCfg = Debug|Any CPU
		{EE66808C-44DF-441A-8A96-BF8FC315BF50}.Debug|Any CPU.Build.0 = Debug|Any CPU
		{EE66808C-44DF-441A-8A96-BF8FC315BF50}.Release|Any CPU.ActiveCfg = Release|Any CPU
		{EE66808C-44DF-441A-8A96-BF8FC315BF50}.Release|Any CPU.Build.0 = Release|Any CPU
		{61105866-C854-485A-8B8C-5A926CC566C1}.Debug|Any CPU.ActiveCfg = Debug|Any CPU
		{61105866-C854-485A-8B8C-5A926CC566C1}.Debug|Any CPU.Build.0 = Debug|Any CPU
		{61105866-C854-485A-8B8C-5A926CC566C1}.Release|Any CPU.ActiveCfg = Release|Any CPU
		{61105866-C854-485A-8B8C-5A926CC566C1}.Release|Any CPU.Build.0 = Release|Any CPU
	EndGlobalSection
	GlobalSection(SolutionProperties) = preSolution
		HideSolutionNode = FALSE
	EndGlobalSection
EndGlobal
